{
  "sources": {
    "base": {
      "locked_version": "1.0.0",
      "git": "git://github.com/zimbatm/base-cookbook.git",
      "ref": "d6d9e8873f1a54de464ff154f42191be6d779b4f"
    },
    "apt": {
      "locked_version": "2.2.0"
    },
    "logrotate": {
      "locked_version": "1.3.0"
    },
    "openssh": {
      "locked_version": "1.2.0"
    },
    "iptables": {
      "locked_version": "0.12.0"
    }
  }
}
