{
  "sources": {
    "base": {
      "locked_version": "1.0.0",
      "git": "git://github.com/zimbatm/base-cookbook.git",
      "ref": "35b958184a3cb469c58ef0850ab49f190f02b32f"
    },
    "apt": {
      "locked_version": "2.2.0"
    },
    "logrotate": {
      "locked_version": "1.3.0"
    },
    "openssh": {
      "locked_version": "1.2.0"
    },
    "iptables": {
      "locked_version": "0.12.0"
    }
  }
}
