SITE
  remote: http://community.opscode.com/api/v1
  specs:
    apt (2.3.10)
    iptables (0.13.2)
    logrotate (1.5.0)
    openssh (1.3.4)
      iptables (>= 0.0.0)

GIT
  remote: https://github.com/paasta/base-cookbook
  ref: v0.4.3
  sha: a75f1490bd22e4c0c89372f33ae75aab2b75ad84
  specs:
    base (0.4.0)
      apt (>= 0.0.0)
      logrotate (>= 0.0.0)
      openssh (>= 0.0.0)

DEPENDENCIES
  base (>= 0)

