SITE
  remote: https://supermarket.getchef.com/api/v1
  specs:
    apt (2.9.1)
    compat_resource (12.5.10)
    iptables (2.0.0)
      compat_resource (>= 0.0.0)
    logrotate (1.9.2)
    openssh (1.5.2)
      iptables (>= 0.0.0)

PATH
  remote: ../base-cookbook
  specs:
    base (0.4.0)
      apt (>= 0.0.0)
      logrotate (>= 0.0.0)
      openssh (>= 0.0.0)

DEPENDENCIES
  base (>= 0)

